
Microsoft Visual Studio Solution File, Format Version 12.00
# Visual Studio Version 16
VisualStudioVersion = 16.0.29123.89
MinimumVisualStudioVersion = 10.0.40219.1
Project("{8BC9CEB8-8B4A-11D0-8D11-00A0C91BC942}") = "18120583_18120585", "18120583_18120585\18120583_18120585.vcxproj", "{28E8CB13-B117-4A2B-9238-53BFC611A268}"
EndProject
Global
	GlobalSection(SolutionConfigurationPlatforms) = preSolution
		Debug|x64 = Debug|x64
		Debug|x86 = Debug|x86
		Release|x64 = Release|x64
		Release|x86 = Release|x86
	EndGlobalSection
	GlobalSection(ProjectConfigurationPlatforms) = postSolution
		{28E8CB13-B117-4A2B-9238-53BFC611A268}.Debug|x64.ActiveCfg = Debug|x64
		{28E8CB13-B117-4A2B-9238-53BFC611A268}.Debug|x64.Build.0 = Debug|x64
		{28E8CB13-B117-4A2B-9238-53BFC611A268}.Debug|x86.ActiveCfg = Debug|Win32
		{28E8CB13-B117-4A2B-9238-53BFC611A268}.Debug|x86.Build.0 = Debug|Win32
		{28E8CB13-B117-4A2B-9238-53BFC611A268}.Release|x64.ActiveCfg = Release|x64
		{28E8CB13-B117-4A2B-9238-53BFC611A268}.Release|x64.Build.0 = Release|x64
		{28E8CB13-B117-4A2B-9238-53BFC611A268}.Release|x86.ActiveCfg = Release|Win32
		{28E8CB13-B117-4A2B-9238-53BFC611A268}.Release|x86.Build.0 = Release|Win32
	EndGlobalSection
	GlobalSection(SolutionProperties) = preSolution
		HideSolutionNode = FALSE
	EndGlobalSection
	GlobalSection(ExtensibilityGlobals) = postSolution
		SolutionGuid = {CF18C07F-B0E6-4A7D-B8AD-676F5AD793D1}
	EndGlobalSection
EndGlobal
